{
  "requires": true,
  "lockfileVersion": 1,
  "dependencies": {
    "vanilla-toast": {
      "version": "0.5.0",
      "resolved": "https://registry.npmjs.org/vanilla-toast/-/vanilla-toast-0.5.0.tgz",
      "integrity": "sha512-CjSSW86L3gkTWAQmcPtszu+b+4HZZRrBelNGCukvHh5Km8Hij8mjH6vY1hOB8MqGV5TMTuzHsXoqfURDLC1tdQ=="
    }
  }
}
